# THIS IS AN AUTOGENERATED FILE. DO NOT EDIT THIS FILE DIRECTLY.
# yarn lockfile v1


indento@^1.1.7:
  version "1.1.13"
  resolved "https://registry.yarnpkg.com/indento/-/indento-1.1.13.tgz#751331b327c04740eeb7be40c5606e6e255c9e36"
  integrity sha512-YZWk3mreBEM7sBPddsiQnW9Z8SGg/gNpFfscJq00HCDS7pxcQWWWMSVKJU7YkTRyDu1Zv2s8zaK8gQWKmCXHlg==

json2md@^1.9.0:
  version "1.9.0"
  resolved "https://registry.yarnpkg.com/json2md/-/json2md-1.9.0.tgz#40c5ab743ceab8aae0b6d2b4d8db1b957dcccb75"
  integrity sha512-Jnq079Uw0Rhu+sQHkTDASVuu6tFolhYkVmULLaBPQj2a2lfgkc4lgZ6gu6CQa0xX028aJ3V7HjDRQFiuB0BymA==
  dependencies:
    indento "^1.1.7"
